
Microsoft Visual Studio Solution File, Format Version 12.00
# Visual Studio 15
VisualStudioVersion = 15.0.26730.10
MinimumVisualStudioVersion = 10.0.40219.1
Project("{FAE04EC0-301F-11D3-BF4B-00C04F79EFBC}") = "FileBackupHelper", "FileBackupHelper\FileBackupHelper.csproj", "{6B081D6E-2BC6-42C2-9C8E-EDBAE0C3BB7B}"
EndProject
Global
	GlobalSection(SolutionConfigurationPlatforms) = preSolution
		Debug|Any CPU = Debug|Any CPU
		Release|Any CPU = Release|Any CPU
	EndGlobalSection
	GlobalSection(ProjectConfigurationPlatforms) = postSolution
		{6B081D6E-2BC6-42C2-9C8E-EDBAE0C3BB7B}.Debug|Any CPU.ActiveCfg = Debug|Any CPU
		{6B081D6E-2BC6-42C2-9C8E-EDBAE0C3BB7B}.Debug|Any CPU.Build.0 = Debug|Any CPU
		{6B081D6E-2BC6-42C2-9C8E-EDBAE0C3BB7B}.Release|Any CPU.ActiveCfg = Release|Any CPU
		{6B081D6E-2BC6-42C2-9C8E-EDBAE0C3BB7B}.Release|Any CPU.Build.0 = Release|Any CPU
	EndGlobalSection
	GlobalSection(SolutionProperties) = preSolution
		HideSolutionNode = FALSE
	EndGlobalSection
	GlobalSection(ExtensibilityGlobals) = postSolution
		SolutionGuid = {07A129EE-29ED-4C47-AB7A-FAE7B2B282AA}
	EndGlobalSection
EndGlobal
